
Microsoft Visual Studio Solution File, Format Version 12.00
# Visual Studio Version 17
VisualStudioVersion = 17.8.34408.163
MinimumVisualStudioVersion = 10.0.40219.1
Project("{FAE04EC0-301F-11D3-BF4B-00C04F79EFBC}") = "AspNetAdresDefteri", "AspNetAdresDefteri\AspNetAdresDefteri.csproj", "{962E4040-CABA-4E7E-9989-A1F9430CA05B}"
EndProject
Global
	GlobalSection(SolutionConfigurationPlatforms) = preSolution
		Debug|Any CPU = Debug|Any CPU
		Release|Any CPU = Release|Any CPU
	EndGlobalSection
	GlobalSection(ProjectConfigurationPlatforms) = postSolution
		{962E4040-CABA-4E7E-9989-A1F9430CA05B}.Debug|Any CPU.ActiveCfg = Debug|Any CPU
		{962E4040-CABA-4E7E-9989-A1F9430CA05B}.Debug|Any CPU.Build.0 = Debug|Any CPU
		{962E4040-CABA-4E7E-9989-A1F9430CA05B}.Release|Any CPU.ActiveCfg = Release|Any CPU
		{962E4040-CABA-4E7E-9989-A1F9430CA05B}.Release|Any CPU.Build.0 = Release|Any CPU
	EndGlobalSection
	GlobalSection(SolutionProperties) = preSolution
		HideSolutionNode = FALSE
	EndGlobalSection
	GlobalSection(ExtensibilityGlobals) = postSolution
		SolutionGuid = {FA2510AC-3A01-4BA3-9FC5-FA31C0B19D16}
	EndGlobalSection
EndGlobal
